// !$*UTF8*$!
{
	archiveVersion = 1;
	classes = {
	};
	objectVersion = 46;
	objects = {

/* Begin PBXBuildFile section */
		CED4C94E1755FD0B00DD2FFA /* UIKit.framework in Frameworks */ = {isa = PBXBuildFile; fileRef = CED4C94D1755FD0B00DD2FFA /* UIKit.framework */; };
		CED4C9501755FD0B00DD2FFA /* Foundation.framework in Frameworks */ = {isa = PBXBuildFile; fileRef = CED4C94F1755FD0B00DD2FFA /* Foundation.framework */; };
		CED4C9521755FD0B00DD2FFA /* CoreGraphics.framework in Frameworks */ = {isa = PBXBuildFile; fileRef = CED4C9511755FD0B00DD2FFA /* CoreGraphics.framework */; };
		CED4C9581755FD0B00DD2FFA /* InfoPlist.strings in Resources */ = {isa = PBXBuildFile; fileRef = CED4C9561755FD0B00DD2FFA /* InfoPlist.strings */; };
		CED4C95A1755FD0B00DD2FFA /* main.m in Sources */ = {isa = PBXBuildFile; fileRef = CED4C9591755FD0B00DD2FFA /* main.m */; };
		CED4C95E1755FD0B00DD2FFA /* AppDelegate.m in Sources */ = {isa = PBXBuildFile; fileRef = CED4C95D1755FD0B00DD2FFA /* AppDelegate.m */; };
		CED4C9601755FD0B00DD2FFA /* Default.png in Resources */ = {isa = PBXBuildFile; fileRef = CED4C95F1755FD0B00DD2FFA /* Default.png */; };
		CED4C9621755FD0B00DD2FFA /* Default@2x.png in Resources */ = {isa = PBXBuildFile; fileRef = CED4C9611755FD0B00DD2FFA /* Default@2x.png */; };
		CED4C9641755FD0B00DD2FFA /* Default-568h@2x.png in Resources */ = {isa = PBXBuildFile; fileRef = CED4C9631755FD0B00DD2FFA /* Default-568h@2x.png */; };
		CED4C9671755FD0B00DD2FFA /* MainStoryboard.storyboard in Resources */ = {isa = PBXBuildFile; fileRef = CED4C9651755FD0B00DD2FFA /* MainStoryboard.storyboard */; };
		CED4C96A1755FD0B00DD2FFA /* ViewController.m in Sources */ = {isa = PBXBuildFile; fileRef = CED4C9691755FD0B00DD2FFA /* ViewController.m */; };
		CED6BB0D1756E7C200BDA762 /* TableViewController.m in Sources */ = {isa = PBXBuildFile; fileRef = CED6BB0C1756E7C200BDA762 /* TableViewController.m */; };
		CED6BB101756EA3800BDA762 /* Player.m in Sources */ = {isa = PBXBuildFile; fileRef = CED6BB0F1756EA3700BDA762 /* Player.m */; };
		CED6BB131756F2CF00BDA762 /* CustomCell.m in Sources */ = {isa = PBXBuildFile; fileRef = CED6BB121756F2CF00BDA762 /* CustomCell.m */; };
		CED6BB19175700FE00BDA762 /* AddPlayerViewController.m in Sources */ = {isa = PBXBuildFile; fileRef = CED6BB18175700FE00BDA762 /* AddPlayerViewController.m */; };
		CED6BB1C1757246B00BDA762 /* PasswordViewController.m in Sources */ = {isa = PBXBuildFile; fileRef = CED6BB1B1757246B00BDA762 /* PasswordViewController.m */; };
		CED84832175876FC00E3B901 /* icon.png in Resources */ = {isa = PBXBuildFile; fileRef = CED8482C175876FC00E3B901 /* icon.png */; };
		CED84833175876FC00E3B901 /* icon@2x.png in Resources */ = {isa = PBXBuildFile; fileRef = CED8482D175876FC00E3B901 /* icon@2x.png */; };
		CED84834175876FC00E3B901 /* logo.png in Resources */ = {isa = PBXBuildFile; fileRef = CED8482E175876FC00E3B901 /* logo.png */; };
		CED84835175876FC00E3B901 /* logo@2x.png in Resources */ = {isa = PBXBuildFile; fileRef = CED8482F175876FC00E3B901 /* logo@2x.png */; };
		CED84836175876FC00E3B901 /* strip.png in Resources */ = {isa = PBXBuildFile; fileRef = CED84830175876FC00E3B901 /* strip.png */; };
		CED84837175876FC00E3B901 /* strip@2x.png in Resources */ = {isa = PBXBuildFile; fileRef = CED84831175876FC00E3B901 /* strip@2x.png */; };
		CED8484517587E7600E3B901 /* pass.json in Resources */ = {isa = PBXBuildFile; fileRef = CED8484417587E7600E3B901 /* pass.json */; };
		CED8484717587E8000E3B901 /* manifest.json in Resources */ = {isa = PBXBuildFile; fileRef = CED8484617587E8000E3B901 /* manifest.json */; };
		CED8484C175886BD00E3B901 /* Certificates.p12 in Resources */ = {isa = PBXBuildFile; fileRef = CED84848175886BD00E3B901 /* Certificates.p12 */; };
		CED8484D175886BD00E3B901 /* passcertificate.pem in Resources */ = {isa = PBXBuildFile; fileRef = CED84849175886BD00E3B901 /* passcertificate.pem */; };
		CED8484E175886BD00E3B901 /* passkey.pem in Resources */ = {isa = PBXBuildFile; fileRef = CED8484A175886BD00E3B901 /* passkey.pem */; };
		CED8484F175886BD00E3B901 /* WWDR.pem in Resources */ = {isa = PBXBuildFile; fileRef = CED8484B175886BD00E3B901 /* WWDR.pem */; };
		CED848511758A8BB00E3B901 /* 11111.pkpass in Resources */ = {isa = PBXBuildFile; fileRef = CED848501758A8BB00E3B901 /* 11111.pkpass */; };
		CED848531758A8C400E3B901 /* 22222.pkpass in Resources */ = {isa = PBXBuildFile; fileRef = CED848521758A8C400E3B901 /* 22222.pkpass */; };
		CED848551758A8CE00E3B901 /* 33333.pkpass in Resources */ = {isa = PBXBuildFile; fileRef = CED848541758A8CE00E3B901 /* 33333.pkpass */; };
		CED848571758A8DF00E3B901 /* signature in Resources */ = {isa = PBXBuildFile; fileRef = CED848561758A8DF00E3B901 /* signature */; };
		CEF48482175C3BA30039EC42 /* FirstViewController.m in Sources */ = {isa = PBXBuildFile; fileRef = CEF48481175C3BA30039EC42 /* FirstViewController.m */; };
		CEF48484175C41150039EC42 /* PassKit.framework in Frameworks */ = {isa = PBXBuildFile; fileRef = CEF48483175C41150039EC42 /* PassKit.framework */; };
/* End PBXBuildFile section */

/* Begin PBXFileReference section */
		CED4C94A1755FD0B00DD2FFA /* StoryBoardProject.app */ = {isa = PBXFileReference; explicitFileType = wrapper.application; includeInIndex = 0; path = StoryBoardProject.app; sourceTree = BUILT_PRODUCTS_DIR; };
		CED4C94D1755FD0B00DD2FFA /* UIKit.framework */ = {isa = PBXFileReference; lastKnownFileType = wrapper.framework; name = UIKit.framework; path = System/Library/Frameworks/UIKit.framework; sourceTree = SDKROOT; };
		CED4C94F1755FD0B00DD2FFA /* Foundation.framework */ = {isa = PBXFileReference; lastKnownFileType = wrapper.framework; name = Foundation.framework; path = System/Library/Frameworks/Foundation.framework; sourceTree = SDKROOT; };
		CED4C9511755FD0B00DD2FFA /* CoreGraphics.framework */ = {isa = PBXFileReference; lastKnownFileType = wrapper.framework; name = CoreGraphics.framework; path = System/Library/Frameworks/CoreGraphics.framework; sourceTree = SDKROOT; };
		CED4C9551755FD0B00DD2FFA /* StoryBoardProject-Info.plist */ = {isa = PBXFileReference; lastKnownFileType = text.plist.xml; path = "StoryBoardProject-Info.plist"; sourceTree = "<group>"; };
		CED4C9571755FD0B00DD2FFA /* en */ = {isa = PBXFileReference; lastKnownFileType = text.plist.strings; name = en; path = en.lproj/InfoPlist.strings; sourceTree = "<group>"; };
		CED4C9591755FD0B00DD2FFA /* main.m */ = {isa = PBXFileReference; lastKnownFileType = sourcecode.c.objc; path = main.m; sourceTree = "<group>"; };
		CED4C95B1755FD0B00DD2FFA /* StoryBoardProject-Prefix.pch */ = {isa = PBXFileReference; lastKnownFileType = sourcecode.c.h; path = "StoryBoardProject-Prefix.pch"; sourceTree = "<group>"; };
		CED4C95C1755FD0B00DD2FFA /* AppDelegate.h */ = {isa = PBXFileReference; lastKnownFileType = sourcecode.c.h; path = AppDelegate.h; sourceTree = "<group>"; };
		CED4C95D1755FD0B00DD2FFA /* AppDelegate.m */ = {isa = PBXFileReference; lastKnownFileType = sourcecode.c.objc; path = AppDelegate.m; sourceTree = "<group>"; };
		CED4C95F1755FD0B00DD2FFA /* Default.png */ = {isa = PBXFileReference; lastKnownFileType = image.png; path = Default.png; sourceTree = "<group>"; };
		CED4C9611755FD0B00DD2FFA /* Default@2x.png */ = {isa = PBXFileReference; lastKnownFileType = image.png; path = "Default@2x.png"; sourceTree = "<group>"; };
		CED4C9631755FD0B00DD2FFA /* Default-568h@2x.png */ = {isa = PBXFileReference; lastKnownFileType = image.png; path = "Default-568h@2x.png"; sourceTree = "<group>"; };
		CED4C9661755FD0B00DD2FFA /* en */ = {isa = PBXFileReference; lastKnownFileType = file.storyboard; name = en; path = en.lproj/MainStoryboard.storyboard; sourceTree = "<group>"; };
		CED4C9681755FD0B00DD2FFA /* ViewController.h */ = {isa = PBXFileReference; lastKnownFileType = sourcecode.c.h; path = ViewController.h; sourceTree = "<group>"; };
		CED4C9691755FD0B00DD2FFA /* ViewController.m */ = {isa = PBXFileReference; lastKnownFileType = sourcecode.c.objc; path = ViewController.m; sourceTree = "<group>"; };
		CED6BB0B1756E7C200BDA762 /* TableViewController.h */ = {isa = PBXFileReference; fileEncoding = 4; lastKnownFileType = sourcecode.c.h; path = TableViewController.h; sourceTree = "<group>"; };
		CED6BB0C1756E7C200BDA762 /* TableViewController.m */ = {isa = PBXFileReference; fileEncoding = 4; lastKnownFileType = sourcecode.c.objc; path = TableViewController.m; sourceTree = "<group>"; };
		CED6BB0E1756EA3700BDA762 /* Player.h */ = {isa = PBXFileReference; fileEncoding = 4; lastKnownFileType = sourcecode.c.h; path = Player.h; sourceTree = "<group>"; };
		CED6BB0F1756EA3700BDA762 /* Player.m */ = {isa = PBXFileReference; fileEncoding = 4; lastKnownFileType = sourcecode.c.objc; path = Player.m; sourceTree = "<group>"; };
		CED6BB111756F2CF00BDA762 /* CustomCell.h */ = {isa = PBXFileReference; fileEncoding = 4; lastKnownFileType = sourcecode.c.h; path = CustomCell.h; sourceTree = "<group>"; };
		CED6BB121756F2CF00BDA762 /* CustomCell.m */ = {isa = PBXFileReference; fileEncoding = 4; lastKnownFileType = sourcecode.c.objc; path = CustomCell.m; sourceTree = "<group>"; };
		CED6BB17175700FE00BDA762 /* AddPlayerViewController.h */ = {isa = PBXFileReference; fileEncoding = 4; lastKnownFileType = sourcecode.c.h; path = AddPlayerViewController.h; sourceTree = "<group>"; };
		CED6BB18175700FE00BDA762 /* AddPlayerViewController.m */ = {isa = PBXFileReference; fileEncoding = 4; lastKnownFileType = sourcecode.c.objc; path = AddPlayerViewController.m; sourceTree = "<group>"; };
		CED6BB1A1757246B00BDA762 /* PasswordViewController.h */ = {isa = PBXFileReference; fileEncoding = 4; lastKnownFileType = sourcecode.c.h; path = PasswordViewController.h; sourceTree = "<group>"; };
		CED6BB1B1757246B00BDA762 /* PasswordViewController.m */ = {isa = PBXFileReference; fileEncoding = 4; lastKnownFileType = sourcecode.c.objc; path = PasswordViewController.m; sourceTree = "<group>"; };
		CED8482C175876FC00E3B901 /* icon.png */ = {isa = PBXFileReference; lastKnownFileType = image.png; path = icon.png; sourceTree = "<group>"; };
		CED8482D175876FC00E3B901 /* icon@2x.png */ = {isa = PBXFileReference; lastKnownFileType = image.png; path = "icon@2x.png"; sourceTree = "<group>"; };
		CED8482E175876FC00E3B901 /* logo.png */ = {isa = PBXFileReference; lastKnownFileType = image.png; path = logo.png; sourceTree = "<group>"; };
		CED8482F175876FC00E3B901 /* logo@2x.png */ = {isa = PBXFileReference; lastKnownFileType = image.png; path = "logo@2x.png"; sourceTree = "<group>"; };
		CED84830175876FC00E3B901 /* strip.png */ = {isa = PBXFileReference; lastKnownFileType = image.png; path = strip.png; sourceTree = "<group>"; };
		CED84831175876FC00E3B901 /* strip@2x.png */ = {isa = PBXFileReference; lastKnownFileType = image.png; path = "strip@2x.png"; sourceTree = "<group>"; };
		CED8484417587E7600E3B901 /* pass.json */ = {isa = PBXFileReference; fileEncoding = 4; lastKnownFileType = text.json; path = pass.json; sourceTree = "<group>"; };
		CED8484617587E8000E3B901 /* manifest.json */ = {isa = PBXFileReference; fileEncoding = 4; lastKnownFileType = text.json; path = manifest.json; sourceTree = "<group>"; };
		CED84848175886BD00E3B901 /* Certificates.p12 */ = {isa = PBXFileReference; lastKnownFileType = file; path = Certificates.p12; sourceTree = "<group>"; };
		CED84849175886BD00E3B901 /* passcertificate.pem */ = {isa = PBXFileReference; fileEncoding = 4; lastKnownFileType = text; path = passcertificate.pem; sourceTree = "<group>"; };
		CED8484A175886BD00E3B901 /* passkey.pem */ = {isa = PBXFileReference; fileEncoding = 4; lastKnownFileType = text; path = passkey.pem; sourceTree = "<group>"; };
		CED8484B175886BD00E3B901 /* WWDR.pem */ = {isa = PBXFileReference; fileEncoding = 4; lastKnownFileType = text; path = WWDR.pem; sourceTree = "<group>"; };
		CED848501758A8BB00E3B901 /* 11111.pkpass */ = {isa = PBXFileReference; lastKnownFileType = file; path = 11111.pkpass; sourceTree = "<group>"; };
		CED848521758A8C400E3B901 /* 22222.pkpass */ = {isa = PBXFileReference; lastKnownFileType = file; path = 22222.pkpass; sourceTree = "<group>"; };
		CED848541758A8CE00E3B901 /* 33333.pkpass */ = {isa = PBXFileReference; lastKnownFileType = file; path = 33333.pkpass; sourceTree = "<group>"; };
		CED848561758A8DF00E3B901 /* signature */ = {isa = PBXFileReference; lastKnownFileType = file; path = signature; sourceTree = "<group>"; };
		CEF48480175C3BA30039EC42 /* FirstViewController.h */ = {isa = PBXFileReference; fileEncoding = 4; lastKnownFileType = sourcecode.c.h; path = FirstViewController.h; sourceTree = "<group>"; };
		CEF48481175C3BA30039EC42 /* FirstViewController.m */ = {isa = PBXFileReference; fileEncoding = 4; lastKnownFileType = sourcecode.c.objc; path = FirstViewController.m; sourceTree = "<group>"; };
		CEF48483175C41150039EC42 /* PassKit.framework */ = {isa = PBXFileReference; lastKnownFileType = wrapper.framework; name = PassKit.framework; path = System/Library/Frameworks/PassKit.framework; sourceTree = SDKROOT; };
/* End PBXFileReference section */

/* Begin PBXFrameworksBuildPhase section */
		CED4C9471755FD0B00DD2FFA /* Frameworks */ = {
			isa = PBXFrameworksBuildPhase;
			buildActionMask = 2147483647;
			files = (
				CEF48484175C41150039EC42 /* PassKit.framework in Frameworks */,
				CED4C94E1755FD0B00DD2FFA /* UIKit.framework in Frameworks */,
				CED4C9501755FD0B00DD2FFA /* Foundation.framework in Frameworks */,
				CED4C9521755FD0B00DD2FFA /* CoreGraphics.framework in Frameworks */,
			);
			runOnlyForDeploymentPostprocessing = 0;
		};
/* End PBXFrameworksBuildPhase section */

/* Begin PBXGroup section */
		CED4C9411755FD0B00DD2FFA = {
			isa = PBXGroup;
			children = (
				CED8482B175876FC00E3B901 /* FreeHugCoupon */,
				CED4C9531755FD0B00DD2FFA /* StoryBoardProject */,
				CED4C94C1755FD0B00DD2FFA /* Frameworks */,
				CED4C94B1755FD0B00DD2FFA /* Products */,
			);
			sourceTree = "<group>";
		};
		CED4C94B1755FD0B00DD2FFA /* Products */ = {
			isa = PBXGroup;
			children = (
				CED4C94A1755FD0B00DD2FFA /* StoryBoardProject.app */,
			);
			name = Products;
			sourceTree = "<group>";
		};
		CED4C94C1755FD0B00DD2FFA /* Frameworks */ = {
			isa = PBXGroup;
			children = (
				CEF48483175C41150039EC42 /* PassKit.framework */,
				CED4C94D1755FD0B00DD2FFA /* UIKit.framework */,
				CED4C94F1755FD0B00DD2FFA /* Foundation.framework */,
				CED4C9511755FD0B00DD2FFA /* CoreGraphics.framework */,
			);
			name = Frameworks;
			sourceTree = "<group>";
		};
		CED4C9531755FD0B00DD2FFA /* StoryBoardProject */ = {
			isa = PBXGroup;
			children = (
				CED4C95C1755FD0B00DD2FFA /* AppDelegate.h */,
				CED4C95D1755FD0B00DD2FFA /* AppDelegate.m */,
				CED4C9651755FD0B00DD2FFA /* MainStoryboard.storyboard */,
				CEF48480175C3BA30039EC42 /* FirstViewController.h */,
				CEF48481175C3BA30039EC42 /* FirstViewController.m */,
				CED6BB17175700FE00BDA762 /* AddPlayerViewController.h */,
				CED6BB18175700FE00BDA762 /* AddPlayerViewController.m */,
				CED6BB0B1756E7C200BDA762 /* TableViewController.h */,
				CED6BB0C1756E7C200BDA762 /* TableViewController.m */,
				CED6BB1A1757246B00BDA762 /* PasswordViewController.h */,
				CED6BB1B1757246B00BDA762 /* PasswordViewController.m */,
				CED6BB111756F2CF00BDA762 /* CustomCell.h */,
				CED6BB121756F2CF00BDA762 /* CustomCell.m */,
				CED6BB0E1756EA3700BDA762 /* Player.h */,
				CED6BB0F1756EA3700BDA762 /* Player.m */,
				CED4C9681755FD0B00DD2FFA /* ViewController.h */,
				CED4C9691755FD0B00DD2FFA /* ViewController.m */,
				CED4C9541755FD0B00DD2FFA /* Supporting Files */,
			);
			path = StoryBoardProject;
			sourceTree = "<group>";
		};
		CED4C9541755FD0B00DD2FFA /* Supporting Files */ = {
			isa = PBXGroup;
			children = (
				CED4C9551755FD0B00DD2FFA /* StoryBoardProject-Info.plist */,
				CED4C9561755FD0B00DD2FFA /* InfoPlist.strings */,
				CED4C9591755FD0B00DD2FFA /* main.m */,
				CED4C95B1755FD0B00DD2FFA /* StoryBoardProject-Prefix.pch */,
				CED4C95F1755FD0B00DD2FFA /* Default.png */,
				CED4C9611755FD0B00DD2FFA /* Default@2x.png */,
				CED4C9631755FD0B00DD2FFA /* Default-568h@2x.png */,
			);
			name = "Supporting Files";
			sourceTree = "<group>";
		};
		CED8482B175876FC00E3B901 /* FreeHugCoupon */ = {
			isa = PBXGroup;
			children = (
				CED848541758A8CE00E3B901 /* 33333.pkpass */,
				CED848521758A8C400E3B901 /* 22222.pkpass */,
				CED848501758A8BB00E3B901 /* 11111.pkpass */,
				CED8484617587E8000E3B901 /* manifest.json */,
				CED84848175886BD00E3B901 /* Certificates.p12 */,
				CED848561758A8DF00E3B901 /* signature */,
				CED84849175886BD00E3B901 /* passcertificate.pem */,
				CED8484A175886BD00E3B901 /* passkey.pem */,
				CED8484B175886BD00E3B901 /* WWDR.pem */,
				CED8484417587E7600E3B901 /* pass.json */,
				CED8482C175876FC00E3B901 /* icon.png */,
				CED8482D175876FC00E3B901 /* icon@2x.png */,
				CED8482E175876FC00E3B901 /* logo.png */,
				CED8482F175876FC00E3B901 /* logo@2x.png */,
				CED84830175876FC00E3B901 /* strip.png */,
				CED84831175876FC00E3B901 /* strip@2x.png */,
			);
			path = FreeHugCoupon;
			sourceTree = "<group>";
		};
/* End PBXGroup section */

/* Begin PBXNativeTarget section */
		CED4C9491755FD0B00DD2FFA /* StoryBoardProject */ = {
			isa = PBXNativeTarget;
			buildConfigurationList = CED4C96D1755FD0B00DD2FFA /* Build configuration list for PBXNativeTarget "StoryBoardProject" */;
			buildPhases = (
				CED4C9461755FD0B00DD2FFA /* Sources */,
				CED4C9471755FD0B00DD2FFA /* Frameworks */,
				CED4C9481755FD0B00DD2FFA /* Resources */,
			);
			buildRules = (
			);
			dependencies = (
			);
			name = StoryBoardProject;
			productName = StoryBoardProject;
			productReference = CED4C94A1755FD0B00DD2FFA /* StoryBoardProject.app */;
			productType = "com.apple.product-type.application";
		};
/* End PBXNativeTarget section */

/* Begin PBXProject section */
		CED4C9421755FD0B00DD2FFA /* Project object */ = {
			isa = PBXProject;
			attributes = {
				LastUpgradeCheck = 0460;
				ORGANIZATIONNAME = ming;
			};
			buildConfigurationList = CED4C9451755FD0B00DD2FFA /* Build configuration list for PBXProject "StoryBoardProject" */;
			compatibilityVersion = "Xcode 3.2";
			developmentRegion = English;
			hasScannedForEncodings = 0;
			knownRegions = (
				en,
			);
			mainGroup = CED4C9411755FD0B00DD2FFA;
			productRefGroup = CED4C94B1755FD0B00DD2FFA /* Products */;
			projectDirPath = "";
			projectRoot = "";
			targets = (
				CED4C9491755FD0B00DD2FFA /* StoryBoardProject */,
			);
		};
/* End PBXProject section */

/* Begin PBXResourcesBuildPhase section */
		CED4C9481755FD0B00DD2FFA /* Resources */ = {
			isa = PBXResourcesBuildPhase;
			buildActionMask = 2147483647;
			files = (
				CED4C9581755FD0B00DD2FFA /* InfoPlist.strings in Resources */,
				CED4C9601755FD0B00DD2FFA /* Default.png in Resources */,
				CED4C9621755FD0B00DD2FFA /* Default@2x.png in Resources */,
				CED4C9641755FD0B00DD2FFA /* Default-568h@2x.png in Resources */,
				CED4C9671755FD0B00DD2FFA /* MainStoryboard.storyboard in Resources */,
				CED84832175876FC00E3B901 /* icon.png in Resources */,
				CED84833175876FC00E3B901 /* icon@2x.png in Resources */,
				CED84834175876FC00E3B901 /* logo.png in Resources */,
				CED84835175876FC00E3B901 /* logo@2x.png in Resources */,
				CED84836175876FC00E3B901 /* strip.png in Resources */,
				CED84837175876FC00E3B901 /* strip@2x.png in Resources */,
				CED8484517587E7600E3B901 /* pass.json in Resources */,
				CED8484717587E8000E3B901 /* manifest.json in Resources */,
				CED8484C175886BD00E3B901 /* Certificates.p12 in Resources */,
				CED8484D175886BD00E3B901 /* passcertificate.pem in Resources */,
				CED8484E175886BD00E3B901 /* passkey.pem in Resources */,
				CED8484F175886BD00E3B901 /* WWDR.pem in Resources */,
				CED848511758A8BB00E3B901 /* 11111.pkpass in Resources */,
				CED848531758A8C400E3B901 /* 22222.pkpass in Resources */,
				CED848551758A8CE00E3B901 /* 33333.pkpass in Resources */,
				CED848571758A8DF00E3B901 /* signature in Resources */,
			);
			runOnlyForDeploymentPostprocessing = 0;
		};
/* End PBXResourcesBuildPhase section */

/* Begin PBXSourcesBuildPhase section */
		CED4C9461755FD0B00DD2FFA /* Sources */ = {
			isa = PBXSourcesBuildPhase;
			buildActionMask = 2147483647;
			files = (
				CED4C95A1755FD0B00DD2FFA /* main.m in Sources */,
				CED4C95E1755FD0B00DD2FFA /* AppDelegate.m in Sources */,
				CED4C96A1755FD0B00DD2FFA /* ViewController.m in Sources */,
				CED6BB0D1756E7C200BDA762 /* TableViewController.m in Sources */,
				CED6BB101756EA3800BDA762 /* Player.m in Sources */,
				CED6BB131756F2CF00BDA762 /* CustomCell.m in Sources */,
				CED6BB19175700FE00BDA762 /* AddPlayerViewController.m in Sources */,
				CED6BB1C1757246B00BDA762 /* PasswordViewController.m in Sources */,
				CEF48482175C3BA30039EC42 /* FirstViewController.m in Sources */,
			);
			runOnlyForDeploymentPostprocessing = 0;
		};
/* End PBXSourcesBuildPhase section */

/* Begin PBXVariantGroup section */
		CED4C9561755FD0B00DD2FFA /* InfoPlist.strings */ = {
			isa = PBXVariantGroup;
			children = (
				CED4C9571755FD0B00DD2FFA /* en */,
			);
			name = InfoPlist.strings;
			sourceTree = "<group>";
		};
		CED4C9651755FD0B00DD2FFA /* MainStoryboard.storyboard */ = {
			isa = PBXVariantGroup;
			children = (
				CED4C9661755FD0B00DD2FFA /* en */,
			);
			name = MainStoryboard.storyboard;
			sourceTree = "<group>";
		};
/* End PBXVariantGroup section */

/* Begin XCBuildConfiguration section */
		CED4C96B1755FD0B00DD2FFA /* Debug */ = {
			isa = XCBuildConfiguration;
			buildSettings = {
				ALWAYS_SEARCH_USER_PATHS = NO;
				CLANG_CXX_LANGUAGE_STANDARD = "gnu++0x";
				CLANG_CXX_LIBRARY = "libc++";
				CLANG_WARN_CONSTANT_CONVERSION = YES;
				CLANG_WARN_EMPTY_BODY = YES;
				CLANG_WARN_ENUM_CONVERSION = YES;
				CLANG_WARN_INT_CONVERSION = YES;
				CLANG_WARN__DUPLICATE_METHOD_MATCH = YES;
				"CODE_SIGN_IDENTITY[sdk=iphoneos*]" = "iPhone Developer";
				COPY_PHASE_STRIP = NO;
				GCC_C_LANGUAGE_STANDARD = gnu99;
				GCC_DYNAMIC_NO_PIC = NO;
				GCC_OPTIMIZATION_LEVEL = 0;
				GCC_PREPROCESSOR_DEFINITIONS = (
					"DEBUG=1",
					"$(inherited)",
				);
				GCC_SYMBOLS_PRIVATE_EXTERN = NO;
				GCC_WARN_ABOUT_RETURN_TYPE = YES;
				GCC_WARN_UNINITIALIZED_AUTOS = YES;
				GCC_WARN_UNUSED_VARIABLE = YES;
				IPHONEOS_DEPLOYMENT_TARGET = 5.1;
				ONLY_ACTIVE_ARCH = YES;
				SDKROOT = iphoneos;
			};
			name = Debug;
		};
		CED4C96C1755FD0B00DD2FFA /* Release */ = {
			isa = XCBuildConfiguration;
			buildSettings = {
				ALWAYS_SEARCH_USER_PATHS = NO;
				CLANG_CXX_LANGUAGE_STANDARD = "gnu++0x";
				CLANG_CXX_LIBRARY = "libc++";
				CLANG_WARN_CONSTANT_CONVERSION = YES;
				CLANG_WARN_EMPTY_BODY = YES;
				CLANG_WARN_ENUM_CONVERSION = YES;
				CLANG_WARN_INT_CONVERSION = YES;
				CLANG_WARN__DUPLICATE_METHOD_MATCH = YES;
				"CODE_SIGN_IDENTITY[sdk=iphoneos*]" = "iPhone Developer";
				COPY_PHASE_STRIP = YES;
				GCC_C_LANGUAGE_STANDARD = gnu99;
				GCC_WARN_ABOUT_RETURN_TYPE = YES;
				GCC_WARN_UNINITIALIZED_AUTOS = YES;
				GCC_WARN_UNUSED_VARIABLE = YES;
				IPHONEOS_DEPLOYMENT_TARGET = 5.1;
				OTHER_CFLAGS = "-DNS_BLOCK_ASSERTIONS=1";
				SDKROOT = iphoneos;
				VALIDATE_PRODUCT = YES;
			};
			name = Release;
		};
		CED4C96E1755FD0B00DD2FFA /* Debug */ = {
			isa = XCBuildConfiguration;
			buildSettings = {
				GCC_PRECOMPILE_PREFIX_HEADER = YES;
				GCC_PREFIX_HEADER = "StoryBoardProject/StoryBoardProject-Prefix.pch";
				INFOPLIST_FILE = "StoryBoardProject/StoryBoardProject-Info.plist";
				IPHONEOS_DEPLOYMENT_TARGET = 5.1;
				PRODUCT_NAME = "$(TARGET_NAME)";
				WRAPPER_EXTENSION = app;
			};
			name = Debug;
		};
		CED4C96F1755FD0B00DD2FFA /* Release */ = {
			isa = XCBuildConfiguration;
			buildSettings = {
				GCC_PRECOMPILE_PREFIX_HEADER = YES;
				GCC_PREFIX_HEADER = "StoryBoardProject/StoryBoardProject-Prefix.pch";
				INFOPLIST_FILE = "StoryBoardProject/StoryBoardProject-Info.plist";
				IPHONEOS_DEPLOYMENT_TARGET = 5.1;
				PRODUCT_NAME = "$(TARGET_NAME)";
				WRAPPER_EXTENSION = app;
			};
			name = Release;
		};
/* End XCBuildConfiguration section */

/* Begin XCConfigurationList section */
		CED4C9451755FD0B00DD2FFA /* Build configuration list for PBXProject "StoryBoardProject" */ = {
			isa = XCConfigurationList;
			buildConfigurations = (
				CED4C96B1755FD0B00DD2FFA /* Debug */,
				CED4C96C1755FD0B00DD2FFA /* Release */,
			);
			defaultConfigurationIsVisible = 0;
			defaultConfigurationName = Debug;
		};
		CED4C96D1755FD0B00DD2FFA /* Build configuration list for PBXNativeTarget "StoryBoardProject" */ = {
			isa = XCConfigurationList;
			buildConfigurations = (
				CED4C96E1755FD0B00DD2FFA /* Debug */,
				CED4C96F1755FD0B00DD2FFA /* Release */,
			);
			defaultConfigurationIsVisible = 0;
			defaultConfigurationName = Debug;
		};
/* End XCConfigurationList section */
	};
	rootObject = CED4C9421755FD0B00DD2FFA /* Project object */;
}
